PODS:
  - QYUtils (0.4.0)
  - ReactiveObjC (3.0.0)

DEPENDENCIES:
  - QYUtils (from `../`)
  - ReactiveObjC

EXTERNAL SOURCES:
  QYUtils:
    :path: ../

SPEC CHECKSUMS:
  QYUtils: 9406ed7a97df0ff8764a680dc363a26c37953da9
  ReactiveObjC: ce79989e8684b9086b5f8d0c74bc7b81a8729c9e

PODFILE CHECKSUM: 752e3130b91bbb888d77c39acb6b51f9cf7a57ff

COCOAPODS: 1.2.1
